
Microsoft Visual Studio Solution File, Format Version 12.00
# Visual Studio 15
VisualStudioVersion = 15.0.28307.136
MinimumVisualStudioVersion = 10.0.40219.1
Project("{8BC9CEB8-8B4A-11D0-8D11-00A0C91BC942}") = "heap", "heap.vcxproj", "{4B17B9E5-15E2-497B-B481-E44DD6C5C940}"
EndProject
Global
	GlobalSection(SolutionConfigurationPlatforms) = preSolution
		Debug|x64 = Debug|x64
		Debug|x86 = Debug|x86
		Release|x64 = Release|x64
		Release|x86 = Release|x86
	EndGlobalSection
	GlobalSection(ProjectConfigurationPlatforms) = postSolution
		{4B17B9E5-15E2-497B-B481-E44DD6C5C940}.Debug|x64.ActiveCfg = Debug|x64
		{4B17B9E5-15E2-497B-B481-E44DD6C5C940}.Debug|x64.Build.0 = Debug|x64
		{4B17B9E5-15E2-497B-B481-E44DD6C5C940}.Debug|x86.ActiveCfg = Debug|Win32
		{4B17B9E5-15E2-497B-B481-E44DD6C5C940}.Debug|x86.Build.0 = Debug|Win32
		{4B17B9E5-15E2-497B-B481-E44DD6C5C940}.Release|x64.ActiveCfg = Release|x64
		{4B17B9E5-15E2-497B-B481-E44DD6C5C940}.Release|x64.Build.0 = Release|x64
		{4B17B9E5-15E2-497B-B481-E44DD6C5C940}.Release|x86.ActiveCfg = Release|Win32
		{4B17B9E5-15E2-497B-B481-E44DD6C5C940}.Release|x86.Build.0 = Release|Win32
	EndGlobalSection
	GlobalSection(SolutionProperties) = preSolution
		HideSolutionNode = FALSE
	EndGlobalSection
	GlobalSection(ExtensibilityGlobals) = postSolution
		SolutionGuid = {31EDD422-9013-4B7A-A497-75687B469B7E}
	EndGlobalSection
EndGlobal
